{
  "lockfile_version": "1",
  "packages": {
    "awscli2": {
      "resolved": "github:NixOS/nixpkgs/d1c15b7d5806069da59e819999d70e1cec0760bf#awscli2",
      "source": "nixpkg",
      "systems": {
        "aarch64-darwin": {
          "outputs": [
            {
              "path": "/nix/store/6812vpz14kjmdg44zk6rd68pigjm1ppf-awscli2-2.33.2",
              "default": true
            }
          ]
        }
      }
    },
    "github:NixOS/nixpkgs/nixpkgs-unstable": {
      "last_modified": "2026-02-16T02:09:13Z",
      "resolved": "github:NixOS/nixpkgs/d1c15b7d5806069da59e819999d70e1cec0760bf?lastModified=1771207753"
    },
    "libffi": {
      "resolved": "github:NixOS/nixpkgs/d1c15b7d5806069da59e819999d70e1cec0760bf#libffi",
      "source": "nixpkg",
      "systems": {
        "aarch64-darwin": {
          "outputs": [
            {
              "path": "/nix/store/qrxgid1vp1rgghi6wzvz2ihfblqfs1w7-libffi-40",
              "default": true
            },
            {
              "name": "man",
              "path": "/nix/store/k9szsrffinwi6ymjcn0j0ph7hc5a0bl5-libffi-40-man",
              "default": true
            }
          ]
        }
      }
    },
    "ruby@4": {
      "last_modified": "2026-03-02T11:03:52Z",
      "plugin_version": "0.0.2",
      "resolved": "github:NixOS/nixpkgs/dc7513872406b53d2ff417a003895d6daffdff2f#ruby_4_0",
      "source": "devbox-search",
      "version": "4.0.1",
      "systems": {
        "aarch64-darwin": {
          "outputs": [
            {
              "name": "out",
              "path": "/nix/store/9g64hd12h7595635pxifl86a7bn0nihs-ruby-4.0.1",
              "default": true
            },
            {
              "name": "devdoc",
              "path": "/nix/store/q3fn21065a4yykmd6mfixax196zy6wrk-ruby-4.0.1-devdoc"
            }
          ],
          "store_path": "/nix/store/9g64hd12h7595635pxifl86a7bn0nihs-ruby-4.0.1"
        },
        "aarch64-linux": {
          "outputs": [
            {
              "name": "out",
              "path": "/nix/store/7k34n5f1zrxk8hdc2ssbggrpy6q143py-ruby-4.0.1",
              "default": true
            },
            {
              "name": "devdoc",
              "path": "/nix/store/r7h02c82kkgwgl499g1igbh8lxy8gvqs-ruby-4.0.1-devdoc"
            }
          ],
          "store_path": "/nix/store/7k34n5f1zrxk8hdc2ssbggrpy6q143py-ruby-4.0.1"
        },
        "x86_64-darwin": {
          "outputs": [
            {
              "name": "out",
              "path": "/nix/store/fnsfka0h6nrbghndc0i4x6zs3hmvigjq-ruby-4.0.1",
              "default": true
            },
            {
              "name": "devdoc",
              "path": "/nix/store/whaaq5cr2wwdj8qshqqj10lhd9ykz046-ruby-4.0.1-devdoc"
            }
          ],
          "store_path": "/nix/store/fnsfka0h6nrbghndc0i4x6zs3hmvigjq-ruby-4.0.1"
        },
        "x86_64-linux": {
          "outputs": [
            {
              "name": "out",
              "path": "/nix/store/c3srisw5dc6b210h0s99cpn0piwcnw9s-ruby-4.0.1",
              "default": true
            },
            {
              "name": "devdoc",
              "path": "/nix/store/j1zy0bshvqxivi7rf10p0y8bsyx9jz72-ruby-4.0.1-devdoc"
            }
          ],
          "store_path": "/nix/store/c3srisw5dc6b210h0s99cpn0piwcnw9s-ruby-4.0.1"
        }
      }
    }
  }
}
